
Microsoft Visual Studio Solution File, Format Version 12.00
# Visual Studio Version 17
VisualStudioVersion = 17.7.34003.232
MinimumVisualStudioVersion = 10.0.40219.1
Project("{FAE04EC0-301F-11D3-BF4B-00C04F79EFBC}") = "ThePrototype", "ThePrototype.csproj", "{297BF0DB-E6CE-4669-BE65-A032433B5D90}"
EndProject
Global
	GlobalSection(SolutionConfigurationPlatforms) = preSolution
		Debug|Any CPU = Debug|Any CPU
		Release|Any CPU = Release|Any CPU
	EndGlobalSection
	GlobalSection(ProjectConfigurationPlatforms) = postSolution
		{297BF0DB-E6CE-4669-BE65-A032433B5D90}.Debug|Any CPU.ActiveCfg = Debug|Any CPU
		{297BF0DB-E6CE-4669-BE65-A032433B5D90}.Debug|Any CPU.Build.0 = Debug|Any CPU
		{297BF0DB-E6CE-4669-BE65-A032433B5D90}.Release|Any CPU.ActiveCfg = Release|Any CPU
		{297BF0DB-E6CE-4669-BE65-A032433B5D90}.Release|Any CPU.Build.0 = Release|Any CPU
	EndGlobalSection
	GlobalSection(SolutionProperties) = preSolution
		HideSolutionNode = FALSE
	EndGlobalSection
	GlobalSection(ExtensibilityGlobals) = postSolution
		SolutionGuid = {3CA8095B-604A-49BA-BD64-D061B01A4C92}
	EndGlobalSection
EndGlobal
