
Microsoft Visual Studio Solution File, Format Version 12.00
# Visual Studio Version 17
VisualStudioVersion = 17.7.34003.232
MinimumVisualStudioVersion = 10.0.40219.1
Project("{FAE04EC0-301F-11D3-BF4B-00C04F79EFBC}") = "TheVariableShopReturns", "TheVariableShopReturns.csproj", "{B8800C91-9282-4260-B242-34C9A9B32161}"
EndProject
Global
	GlobalSection(SolutionConfigurationPlatforms) = preSolution
		Debug|Any CPU = Debug|Any CPU
		Release|Any CPU = Release|Any CPU
	EndGlobalSection
	GlobalSection(ProjectConfigurationPlatforms) = postSolution
		{B8800C91-9282-4260-B242-34C9A9B32161}.Debug|Any CPU.ActiveCfg = Debug|Any CPU
		{B8800C91-9282-4260-B242-34C9A9B32161}.Debug|Any CPU.Build.0 = Debug|Any CPU
		{B8800C91-9282-4260-B242-34C9A9B32161}.Release|Any CPU.ActiveCfg = Release|Any CPU
		{B8800C91-9282-4260-B242-34C9A9B32161}.Release|Any CPU.Build.0 = Release|Any CPU
	EndGlobalSection
	GlobalSection(SolutionProperties) = preSolution
		HideSolutionNode = FALSE
	EndGlobalSection
	GlobalSection(ExtensibilityGlobals) = postSolution
		SolutionGuid = {8FD69D43-A901-41D3-9DF8-56F669A1A4E5}
	EndGlobalSection
EndGlobal
